
Microsoft Visual Studio Solution File, Format Version 12.00
# Visual Studio Version 16
VisualStudioVersion = 16.0.31005.135
MinimumVisualStudioVersion = 10.0.40219.1
Project("{9A19103F-16F7-4668-BE54-9A1E7A4F7556}") = "E2eTests", "e2eTests\E2eTests.csproj", "{D787BCD9-875B-4E40-A30D-535DE015A29D}"
EndProject
Project("{9A19103F-16F7-4668-BE54-9A1E7A4F7556}") = "RequestsTests", "RequestsTests\RequestsTests.csproj", "{F548C783-A399-4479-9C88-116305FF8826}"
EndProject
Global
	GlobalSection(SolutionConfigurationPlatforms) = preSolution
		Debug|Any CPU = Debug|Any CPU
		Release|Any CPU = Release|Any CPU
	EndGlobalSection
	GlobalSection(ProjectConfigurationPlatforms) = postSolution
		{D787BCD9-875B-4E40-A30D-535DE015A29D}.Debug|Any CPU.ActiveCfg = Debug|Any CPU
		{D787BCD9-875B-4E40-A30D-535DE015A29D}.Debug|Any CPU.Build.0 = Debug|Any CPU
		{D787BCD9-875B-4E40-A30D-535DE015A29D}.Release|Any CPU.ActiveCfg = Release|Any CPU
		{D787BCD9-875B-4E40-A30D-535DE015A29D}.Release|Any CPU.Build.0 = Release|Any CPU
		{F548C783-A399-4479-9C88-116305FF8826}.Debug|Any CPU.ActiveCfg = Debug|Any CPU
		{F548C783-A399-4479-9C88-116305FF8826}.Debug|Any CPU.Build.0 = Debug|Any CPU
		{F548C783-A399-4479-9C88-116305FF8826}.Release|Any CPU.ActiveCfg = Release|Any CPU
		{F548C783-A399-4479-9C88-116305FF8826}.Release|Any CPU.Build.0 = Release|Any CPU
	EndGlobalSection
	GlobalSection(SolutionProperties) = preSolution
		HideSolutionNode = FALSE
	EndGlobalSection
	GlobalSection(ExtensibilityGlobals) = postSolution
		SolutionGuid = {F18F81CD-7C7A-4F6B-968C-B05B52326145}
	EndGlobalSection
EndGlobal
